
Microsoft Visual Studio Solution File, Format Version 12.00
# Visual Studio 14
VisualStudioVersion = 14.0.25420.1
MinimumVisualStudioVersion = 10.0.40219.1
Project("{888888A0-9F3D-457C-B088-3A5042F75D52}") = "test", "test\test.pyproj", "{30406B29-7267-4293-B9A5-C7B1226F78D3}"
EndProject
Project("{888888A0-9F3D-457C-B088-3A5042F75D52}") = "MHX_database_template", "..\MHX Database Project\MHX_database_template\MHX_database_template\MHX_database_template.pyproj", "{A5610CA6-0E13-407C-94E7-1C88CC0B1501}"
EndProject
Project("{888888A0-9F3D-457C-B088-3A5042F75D52}") = "MHX_Monster_DB", "..\MHX Database Project\MHX_Monster_DB\MHX_Monster_DB.pyproj", "{97AEABC3-F0CD-4CA6-906B-D3E20E7EA78E}"
EndProject
Project("{888888A0-9F3D-457C-B088-3A5042F75D52}") = "DB_Test", "..\DB_Test\DB_Test.pyproj", "{76BBFBB4-2808-4C96-8C46-AB47904904F6}"
EndProject
Global
	GlobalSection(SolutionConfigurationPlatforms) = preSolution
		Debug|Any CPU = Debug|Any CPU
		Release|Any CPU = Release|Any CPU
	EndGlobalSection
	GlobalSection(ProjectConfigurationPlatforms) = postSolution
		{30406B29-7267-4293-B9A5-C7B1226F78D3}.Debug|Any CPU.ActiveCfg = Debug|Any CPU
		{30406B29-7267-4293-B9A5-C7B1226F78D3}.Release|Any CPU.ActiveCfg = Release|Any CPU
		{A5610CA6-0E13-407C-94E7-1C88CC0B1501}.Debug|Any CPU.ActiveCfg = Debug|Any CPU
		{A5610CA6-0E13-407C-94E7-1C88CC0B1501}.Release|Any CPU.ActiveCfg = Release|Any CPU
		{97AEABC3-F0CD-4CA6-906B-D3E20E7EA78E}.Debug|Any CPU.ActiveCfg = Debug|Any CPU
		{97AEABC3-F0CD-4CA6-906B-D3E20E7EA78E}.Release|Any CPU.ActiveCfg = Release|Any CPU
		{76BBFBB4-2808-4C96-8C46-AB47904904F6}.Debug|Any CPU.ActiveCfg = Debug|Any CPU
		{76BBFBB4-2808-4C96-8C46-AB47904904F6}.Debug|Any CPU.Build.0 = Debug|Any CPU
		{76BBFBB4-2808-4C96-8C46-AB47904904F6}.Release|Any CPU.ActiveCfg = Release|Any CPU
		{76BBFBB4-2808-4C96-8C46-AB47904904F6}.Release|Any CPU.Build.0 = Release|Any CPU
	EndGlobalSection
	GlobalSection(SolutionProperties) = preSolution
		HideSolutionNode = FALSE
	EndGlobalSection
EndGlobal
